github.com/davecgh/go-spew v1.1.1 h1:vj9j/u1bqnvCEfJOwUhtlOARqs3+rkHYY13jYWTU97c=
github.com/davecgh/go-spew v1.1.1/go.mod h1:J7Y8YcW2NihsgmVo/mv3lAwl/skON4iLHjSsI+c5H38=
github.com/mna/pigeon v1.0.0 h1:n46IoStjdzjaXuyBH53j9HZ8CVqGWpC7P5/v8dP4qEY=
github.com/mna/pigeon v1.0.0/go.mod h1:Iym28+kJVnC1hfQvv5MUtI6AiFFzvQjHcvI4RFTG/04=
github.com/thedevsaddam/gojsonq v2.2.1+incompatible h1:XVW6tZj665MJmpBzSX07IVjGc8nPw8tuPMoM8A6kPMk=
github.com/thedevsaddam/gojsonq v2.2.1+incompatible/go.mod h1:RBcQaITThgJAAYKH7FNp2onYodRz8URfsuEGpAch0NA=
